
Microsoft Visual Studio Solution File, Format Version 12.00
# Visual Studio Version 17
VisualStudioVersion = 17.0.31919.166
MinimumVisualStudioVersion = 10.0.40219.1
Project("{9A19103F-16F7-4668-BE54-9A1E7A4F7556}") = "day1", "day1\day1.csproj", "{1EDCBFC7-A15F-4300-B282-E76BC63647C1}"
EndProject
Project("{9A19103F-16F7-4668-BE54-9A1E7A4F7556}") = "day2", "day2\day2.csproj", "{92901857-9B2E-47BC-B285-87BEB3BF57C0}"
EndProject
Project("{9A19103F-16F7-4668-BE54-9A1E7A4F7556}") = "day3", "day3\day3.csproj", "{13165C79-03A9-4ABA-A596-80D87D8947DB}"
EndProject
Project("{FAE04EC0-301F-11D3-BF4B-00C04F79EFBC}") = "day4", "day4\day4.csproj", "{C3A68EAF-1744-4D8B-A198-53F85DF8ECE9}"
EndProject
Project("{FAE04EC0-301F-11D3-BF4B-00C04F79EFBC}") = "day5", "day5\day5.csproj", "{1EDBA1AC-120B-44A5-87C7-A091631DE222}"
EndProject
Global
	GlobalSection(SolutionConfigurationPlatforms) = preSolution
		Debug|Any CPU = Debug|Any CPU
		Release|Any CPU = Release|Any CPU
	EndGlobalSection
	GlobalSection(ProjectConfigurationPlatforms) = postSolution
		{1EDCBFC7-A15F-4300-B282-E76BC63647C1}.Debug|Any CPU.ActiveCfg = Debug|Any CPU
		{1EDCBFC7-A15F-4300-B282-E76BC63647C1}.Debug|Any CPU.Build.0 = Debug|Any CPU
		{1EDCBFC7-A15F-4300-B282-E76BC63647C1}.Release|Any CPU.ActiveCfg = Release|Any CPU
		{1EDCBFC7-A15F-4300-B282-E76BC63647C1}.Release|Any CPU.Build.0 = Release|Any CPU
		{92901857-9B2E-47BC-B285-87BEB3BF57C0}.Debug|Any CPU.ActiveCfg = Debug|Any CPU
		{92901857-9B2E-47BC-B285-87BEB3BF57C0}.Debug|Any CPU.Build.0 = Debug|Any CPU
		{92901857-9B2E-47BC-B285-87BEB3BF57C0}.Release|Any CPU.ActiveCfg = Release|Any CPU
		{92901857-9B2E-47BC-B285-87BEB3BF57C0}.Release|Any CPU.Build.0 = Release|Any CPU
		{13165C79-03A9-4ABA-A596-80D87D8947DB}.Debug|Any CPU.ActiveCfg = Debug|Any CPU
		{13165C79-03A9-4ABA-A596-80D87D8947DB}.Debug|Any CPU.Build.0 = Debug|Any CPU
		{13165C79-03A9-4ABA-A596-80D87D8947DB}.Release|Any CPU.ActiveCfg = Release|Any CPU
		{13165C79-03A9-4ABA-A596-80D87D8947DB}.Release|Any CPU.Build.0 = Release|Any CPU
		{C3A68EAF-1744-4D8B-A198-53F85DF8ECE9}.Debug|Any CPU.ActiveCfg = Debug|Any CPU
		{C3A68EAF-1744-4D8B-A198-53F85DF8ECE9}.Debug|Any CPU.Build.0 = Debug|Any CPU
		{C3A68EAF-1744-4D8B-A198-53F85DF8ECE9}.Release|Any CPU.ActiveCfg = Release|Any CPU
		{C3A68EAF-1744-4D8B-A198-53F85DF8ECE9}.Release|Any CPU.Build.0 = Release|Any CPU
		{1EDBA1AC-120B-44A5-87C7-A091631DE222}.Debug|Any CPU.ActiveCfg = Debug|Any CPU
		{1EDBA1AC-120B-44A5-87C7-A091631DE222}.Debug|Any CPU.Build.0 = Debug|Any CPU
		{1EDBA1AC-120B-44A5-87C7-A091631DE222}.Release|Any CPU.ActiveCfg = Release|Any CPU
		{1EDBA1AC-120B-44A5-87C7-A091631DE222}.Release|Any CPU.Build.0 = Release|Any CPU
	EndGlobalSection
	GlobalSection(SolutionProperties) = preSolution
		HideSolutionNode = FALSE
	EndGlobalSection
	GlobalSection(ExtensibilityGlobals) = postSolution
		SolutionGuid = {A204742F-D759-4F26-9AF5-148BFE9D0FDB}
	EndGlobalSection
EndGlobal
